// !$*UTF8*$!
{
	archiveVersion = 1;
	classes = {
	};
	objectVersion = 55;
	objects = {

/* Begin PBXBuildFile section */
		48BEE512288E321200D5A08A /* Property.swift in Sources */ = {isa = PBXBuildFile; fileRef = 48BEE511288E321200D5A08A /* Property.swift */; };
		48C0AC62286A839800A5D068 /* LookupAPIs.swift in Sources */ = {isa = PBXBuildFile; fileRef = 48C0AC61286A839800A5D068 /* LookupAPIs.swift */; };
		48FB954E2886075100D1A180 /* PreviewView.swift in Sources */ = {isa = PBXBuildFile; fileRef = 48FB954D2886075100D1A180 /* PreviewView.swift */; };
		7B05BDF228769A2C00A5E5CA /* AddSearch.swift in Sources */ = {isa = PBXBuildFile; fileRef = 7B05BDF128769A2B00A5E5CA /* AddSearch.swift */; };
		7B10FF48289DE84E007B6F15 /* SearchDataModel.swift in Sources */ = {isa = PBXBuildFile; fileRef = 7B10FF47289DE84D007B6F15 /* SearchDataModel.swift */; };
		7B10FF4A289EDE65007B6F15 /* AddSearchViewModel.swift in Sources */ = {isa = PBXBuildFile; fileRef = 7B10FF49289EDE65007B6F15 /* AddSearchViewModel.swift */; };
		7B10FF4C28A304AD007B6F15 /* HubViewModel.swift in Sources */ = {isa = PBXBuildFile; fileRef = 7B10FF4B28A304AD007B6F15 /* HubViewModel.swift */; };
		7B10FF4E28A3055F007B6F15 /* ManualCheckViewModel.swift in Sources */ = {isa = PBXBuildFile; fileRef = 7B10FF4D28A3055F007B6F15 /* ManualCheckViewModel.swift */; };
		7B10FF5028A30571007B6F15 /* ContentViewModel.swift in Sources */ = {isa = PBXBuildFile; fileRef = 7B10FF4F28A30571007B6F15 /* ContentViewModel.swift */; };
		7B10FF5228A305B3007B6F15 /* ListViewModel.swift in Sources */ = {isa = PBXBuildFile; fileRef = 7B10FF5128A305B3007B6F15 /* ListViewModel.swift */; };
		7B10FF5628A5C1B1007B6F15 /* ManualCheckView.swift in Sources */ = {isa = PBXBuildFile; fileRef = 7B10FF5528A5C1B1007B6F15 /* ManualCheckView.swift */; };
		7B10FF5828A6DB93007B6F15 /* AddListViewModel.swift in Sources */ = {isa = PBXBuildFile; fileRef = 7B10FF5728A6DB92007B6F15 /* AddListViewModel.swift */; };
		7B25E1A829592FC70079F0A4 /* EventView.swift in Sources */ = {isa = PBXBuildFile; fileRef = 7B25E1A729592FC70079F0A4 /* EventView.swift */; };
		7B25E1AA2959302E0079F0A4 /* EventViewModel.swift in Sources */ = {isa = PBXBuildFile; fileRef = 7B25E1A92959302E0079F0A4 /* EventViewModel.swift */; };
		7B31E3AA288B53CB00E52A6A /* AddListView.swift in Sources */ = {isa = PBXBuildFile; fileRef = 7B31E3A9288B53CB00E52A6A /* AddListView.swift */; };
		7B39AB0A282C77B2005FCA5C /* GreenLightApp.swift in Sources */ = {isa = PBXBuildFile; fileRef = 7B39AB09282C77B2005FCA5C /* GreenLightApp.swift */; };
		7B39AB0C282C77B2005FCA5C /* ContentView.swift in Sources */ = {isa = PBXBuildFile; fileRef = 7B39AB0B282C77B2005FCA5C /* ContentView.swift */; };
		7B39AB0E282C77B7005FCA5C /* Assets.xcassets in Resources */ = {isa = PBXBuildFile; fileRef = 7B39AB0D282C77B7005FCA5C /* Assets.xcassets */; };
		7B39AB11282C77B7005FCA5C /* Preview Assets.xcassets in Resources */ = {isa = PBXBuildFile; fileRef = 7B39AB10282C77B7005FCA5C /* Preview Assets.xcassets */; };
		7B39AB1B282C77B7005FCA5C /* GreenLightTests.swift in Sources */ = {isa = PBXBuildFile; fileRef = 7B39AB1A282C77B7005FCA5C /* GreenLightTests.swift */; };
		7B39AB25282C77B7005FCA5C /* GreenLightUITests.swift in Sources */ = {isa = PBXBuildFile; fileRef = 7B39AB24282C77B7005FCA5C /* GreenLightUITests.swift */; };
		7B39AB27282C77B7005FCA5C /* GreenLightUITestsLaunchTests.swift in Sources */ = {isa = PBXBuildFile; fileRef = 7B39AB26282C77B7005FCA5C /* GreenLightUITestsLaunchTests.swift */; };
		7B39AB34282C781F005FCA5C /* HubView.swift in Sources */ = {isa = PBXBuildFile; fileRef = 7B39AB33282C781F005FCA5C /* HubView.swift */; };
		7B39AB36282C7840005FCA5C /* ListView.swift in Sources */ = {isa = PBXBuildFile; fileRef = 7B39AB35282C7840005FCA5C /* ListView.swift */; };
		7B39AB3A282C7955005FCA5C /* ScannerView.swift in Sources */ = {isa = PBXBuildFile; fileRef = 7B39AB39282C7955005FCA5C /* ScannerView.swift */; };
		7B39AB3C282C798D005FCA5C /* CameraView.swift in Sources */ = {isa = PBXBuildFile; fileRef = 7B39AB3B282C798D005FCA5C /* CameraView.swift */; };
		7B39AB3E282C7A04005FCA5C /* StringUtils.swift in Sources */ = {isa = PBXBuildFile; fileRef = 7B39AB3D282C7A04005FCA5C /* StringUtils.swift */; };
		7B39AB42282C7A68005FCA5C /* VisionViewController.swift in Sources */ = {isa = PBXBuildFile; fileRef = 7B39AB41282C7A68005FCA5C /* VisionViewController.swift */; };
		7B39AB44282C7A95005FCA5C /* CameraViewController.swift in Sources */ = {isa = PBXBuildFile; fileRef = 7B39AB43282C7A95005FCA5C /* CameraViewController.swift */; };
		7B5B926A2945378D00C29585 /* Event.swift in Sources */ = {isa = PBXBuildFile; fileRef = 7B5B92692945378D00C29585 /* Event.swift */; };
		7B5B926C29455A2400C29585 /* Attendee.swift in Sources */ = {isa = PBXBuildFile; fileRef = 7B5B926B29455A2400C29585 /* Attendee.swift */; };
		7B5B926E294655F700C29585 /* EventService.swift in Sources */ = {isa = PBXBuildFile; fileRef = 7B5B926D294655F600C29585 /* EventService.swift */; };
		7B5B92712946796A00C29585 /* EventsView.swift in Sources */ = {isa = PBXBuildFile; fileRef = 7B5B92702946796A00C29585 /* EventsView.swift */; };
		7B5B92732946797D00C29585 /* AddEventView.swift in Sources */ = {isa = PBXBuildFile; fileRef = 7B5B92722946797D00C29585 /* AddEventView.swift */; };
		7B5B92772946B96800C29585 /* EventsViewModel.swift in Sources */ = {isa = PBXBuildFile; fileRef = 7B5B92762946B96800C29585 /* EventsViewModel.swift */; };
		7B5B92792946BF2A00C29585 /* AddEventViewModel.swift in Sources */ = {isa = PBXBuildFile; fileRef = 7B5B92782946BF2A00C29585 /* AddEventViewModel.swift */; };
		7B8103F5292737EF00FD0734 /* ListGL.swift in Sources */ = {isa = PBXBuildFile; fileRef = 7B8103F4292737EF00FD0734 /* ListGL.swift */; };
		7B99364B28820F2D00F54C0F /* Person.swift in Sources */ = {isa = PBXBuildFile; fileRef = 7B99364A28820F2D00F54C0F /* Person.swift */; };
		7BB287BF2920A9BF0089E729 /* GoogleService-Info.plist in Resources */ = {isa = PBXBuildFile; fileRef = 7BB287BE2920A9BF0089E729 /* GoogleService-Info.plist */; };
		7BB287C22920ACC20089E729 /* FirebaseAuth in Frameworks */ = {isa = PBXBuildFile; productRef = 7BB287C12920ACC20089E729 /* FirebaseAuth */; };
		7BB287C42920ACC20089E729 /* FirebaseFirestore in Frameworks */ = {isa = PBXBuildFile; productRef = 7BB287C32920ACC20089E729 /* FirebaseFirestore */; };
		7BB287C62920ACC20089E729 /* FirebaseFirestoreSwift in Frameworks */ = {isa = PBXBuildFile; productRef = 7BB287C52920ACC20089E729 /* FirebaseFirestoreSwift */; };
		7BCB4F3E2931E93900B717F8 /* SettingsViewModel.swift in Sources */ = {isa = PBXBuildFile; fileRef = 7BCB4F3D2931E93900B717F8 /* SettingsViewModel.swift */; };
		7BCB4F41293330AF00B717F8 /* ScannerViewModel.swift in Sources */ = {isa = PBXBuildFile; fileRef = 7BCB4F40293330AF00B717F8 /* ScannerViewModel.swift */; };
		7BF1D92C29215B0100185211 /* LogInView.swift in Sources */ = {isa = PBXBuildFile; fileRef = 7BF1D92B29215B0100185211 /* LogInView.swift */; };
		7BF1D92E29215B1F00185211 /* SignUpView.swift in Sources */ = {isa = PBXBuildFile; fileRef = 7BF1D92D29215B1F00185211 /* SignUpView.swift */; };
		7BF1D9332921739100185211 /* CustomTextField.swift in Sources */ = {isa = PBXBuildFile; fileRef = 7BF1D9322921739100185211 /* CustomTextField.swift */; };
		7BF1D935292186A500185211 /* AuthViewModel.swift in Sources */ = {isa = PBXBuildFile; fileRef = 7BF1D934292186A500185211 /* AuthViewModel.swift */; };
		7BF1D9392921A26200185211 /* SettingsView.swift in Sources */ = {isa = PBXBuildFile; fileRef = 7BF1D9382921A26200185211 /* SettingsView.swift */; };
		7BF1D93C2921BC3B00185211 /* UserService.swift in Sources */ = {isa = PBXBuildFile; fileRef = 7BF1D93B2921BC3A00185211 /* UserService.swift */; };
		7BF1D93E2921D72000185211 /* User.swift in Sources */ = {isa = PBXBuildFile; fileRef = 7BF1D93D2921D72000185211 /* User.swift */; };
		7BF1D9412921EAA900185211 /* ListService.swift in Sources */ = {isa = PBXBuildFile; fileRef = 7BF1D9402921EAA900185211 /* ListService.swift */; };
/* End PBXBuildFile section */

/* Begin PBXContainerItemProxy section */
		7B39AB17282C77B7005FCA5C /* PBXContainerItemProxy */ = {
			isa = PBXContainerItemProxy;
			containerPortal = 7B39AAFE282C77B2005FCA5C /* Project object */;
			proxyType = 1;
			remoteGlobalIDString = 7B39AB05282C77B2005FCA5C;
			remoteInfo = GreenLight;
		};
		7B39AB21282C77B7005FCA5C /* PBXContainerItemProxy */ = {
			isa = PBXContainerItemProxy;
			containerPortal = 7B39AAFE282C77B2005FCA5C /* Project object */;
			proxyType = 1;
			remoteGlobalIDString = 7B39AB05282C77B2005FCA5C;
			remoteInfo = GreenLight;
		};
/* End PBXContainerItemProxy section */

/* Begin PBXFileReference section */
		48BEE511288E321200D5A08A /* Property.swift */ = {isa = PBXFileReference; lastKnownFileType = sourcecode.swift; path = Property.swift; sourceTree = "<group>"; };
		48C0AC61286A839800A5D068 /* LookupAPIs.swift */ = {isa = PBXFileReference; lastKnownFileType = sourcecode.swift; path = LookupAPIs.swift; sourceTree = "<group>"; };
		48FB954D2886075100D1A180 /* PreviewView.swift */ = {isa = PBXFileReference; fileEncoding = 4; lastKnownFileType = sourcecode.swift; path = PreviewView.swift; sourceTree = "<group>"; };
		7B05BDF128769A2B00A5E5CA /* AddSearch.swift */ = {isa = PBXFileReference; lastKnownFileType = sourcecode.swift; path = AddSearch.swift; sourceTree = "<group>"; };
		7B10FF47289DE84D007B6F15 /* SearchDataModel.swift */ = {isa = PBXFileReference; lastKnownFileType = sourcecode.swift; path = SearchDataModel.swift; sourceTree = "<group>"; };
		7B10FF49289EDE65007B6F15 /* AddSearchViewModel.swift */ = {isa = PBXFileReference; lastKnownFileType = sourcecode.swift; path = AddSearchViewModel.swift; sourceTree = "<group>"; };
		7B10FF4B28A304AD007B6F15 /* HubViewModel.swift */ = {isa = PBXFileReference; lastKnownFileType = sourcecode.swift; path = HubViewModel.swift; sourceTree = "<group>"; };
		7B10FF4D28A3055F007B6F15 /* ManualCheckViewModel.swift */ = {isa = PBXFileReference; lastKnownFileType = sourcecode.swift; path = ManualCheckViewModel.swift; sourceTree = "<group>"; };
		7B10FF4F28A30571007B6F15 /* ContentViewModel.swift */ = {isa = PBXFileReference; lastKnownFileType = sourcecode.swift; path = ContentViewModel.swift; sourceTree = "<group>"; };
		7B10FF5128A305B3007B6F15 /* ListViewModel.swift */ = {isa = PBXFileReference; lastKnownFileType = sourcecode.swift; path = ListViewModel.swift; sourceTree = "<group>"; };
		7B10FF5528A5C1B1007B6F15 /* ManualCheckView.swift */ = {isa = PBXFileReference; lastKnownFileType = sourcecode.swift; path = ManualCheckView.swift; sourceTree = "<group>"; };
		7B10FF5728A6DB92007B6F15 /* AddListViewModel.swift */ = {isa = PBXFileReference; lastKnownFileType = sourcecode.swift; path = AddListViewModel.swift; sourceTree = "<group>"; };
		7B25E1A729592FC70079F0A4 /* EventView.swift */ = {isa = PBXFileReference; lastKnownFileType = sourcecode.swift; path = EventView.swift; sourceTree = "<group>"; };
		7B25E1A92959302E0079F0A4 /* EventViewModel.swift */ = {isa = PBXFileReference; lastKnownFileType = sourcecode.swift; path = EventViewModel.swift; sourceTree = "<group>"; };
		7B31E3A9288B53CB00E52A6A /* AddListView.swift */ = {isa = PBXFileReference; lastKnownFileType = sourcecode.swift; path = AddListView.swift; sourceTree = "<group>"; };
		7B39AB06282C77B2005FCA5C /* GreenLight.app */ = {isa = PBXFileReference; explicitFileType = wrapper.application; includeInIndex = 0; path = GreenLight.app; sourceTree = BUILT_PRODUCTS_DIR; };
		7B39AB09282C77B2005FCA5C /* GreenLightApp.swift */ = {isa = PBXFileReference; lastKnownFileType = sourcecode.swift; path = GreenLightApp.swift; sourceTree = "<group>"; };
		7B39AB0B282C77B2005FCA5C /* ContentView.swift */ = {isa = PBXFileReference; lastKnownFileType = sourcecode.swift; path = ContentView.swift; sourceTree = "<group>"; };
		7B39AB0D282C77B7005FCA5C /* Assets.xcassets */ = {isa = PBXFileReference; lastKnownFileType = folder.assetcatalog; path = Assets.xcassets; sourceTree = "<group>"; };
		7B39AB10282C77B7005FCA5C /* Preview Assets.xcassets */ = {isa = PBXFileReference; lastKnownFileType = folder.assetcatalog; path = "Preview Assets.xcassets"; sourceTree = "<group>"; };
		7B39AB16282C77B7005FCA5C /* GreenLightTests.xctest */ = {isa = PBXFileReference; explicitFileType = wrapper.cfbundle; includeInIndex = 0; path = GreenLightTests.xctest; sourceTree = BUILT_PRODUCTS_DIR; };
		7B39AB1A282C77B7005FCA5C /* GreenLightTests.swift */ = {isa = PBXFileReference; lastKnownFileType = sourcecode.swift; path = GreenLightTests.swift; sourceTree = "<group>"; };
		7B39AB20282C77B7005FCA5C /* GreenLightUITests.xctest */ = {isa = PBXFileReference; explicitFileType = wrapper.cfbundle; includeInIndex = 0; path = GreenLightUITests.xctest; sourceTree = BUILT_PRODUCTS_DIR; };
		7B39AB24282C77B7005FCA5C /* GreenLightUITests.swift */ = {isa = PBXFileReference; lastKnownFileType = sourcecode.swift; path = GreenLightUITests.swift; sourceTree = "<group>"; };
		7B39AB26282C77B7005FCA5C /* GreenLightUITestsLaunchTests.swift */ = {isa = PBXFileReference; lastKnownFileType = sourcecode.swift; path = GreenLightUITestsLaunchTests.swift; sourceTree = "<group>"; };
		7B39AB33282C781F005FCA5C /* HubView.swift */ = {isa = PBXFileReference; lastKnownFileType = sourcecode.swift; path = HubView.swift; sourceTree = "<group>"; };
		7B39AB35282C7840005FCA5C /* ListView.swift */ = {isa = PBXFileReference; lastKnownFileType = sourcecode.swift; path = ListView.swift; sourceTree = "<group>"; };
		7B39AB39282C7955005FCA5C /* ScannerView.swift */ = {isa = PBXFileReference; lastKnownFileType = sourcecode.swift; path = ScannerView.swift; sourceTree = "<group>"; };
		7B39AB3B282C798D005FCA5C /* CameraView.swift */ = {isa = PBXFileReference; lastKnownFileType = sourcecode.swift; path = CameraView.swift; sourceTree = "<group>"; };
		7B39AB3D282C7A04005FCA5C /* StringUtils.swift */ = {isa = PBXFileReference; lastKnownFileType = sourcecode.swift; path = StringUtils.swift; sourceTree = "<group>"; };
		7B39AB41282C7A68005FCA5C /* VisionViewController.swift */ = {isa = PBXFileReference; lastKnownFileType = sourcecode.swift; path = VisionViewController.swift; sourceTree = "<group>"; };
		7B39AB43282C7A95005FCA5C /* CameraViewController.swift */ = {isa = PBXFileReference; lastKnownFileType = sourcecode.swift; path = CameraViewController.swift; sourceTree = "<group>"; };
		7B5B92692945378D00C29585 /* Event.swift */ = {isa = PBXFileReference; lastKnownFileType = sourcecode.swift; path = Event.swift; sourceTree = "<group>"; };
		7B5B926B29455A2400C29585 /* Attendee.swift */ = {isa = PBXFileReference; lastKnownFileType = sourcecode.swift; path = Attendee.swift; sourceTree = "<group>"; };
		7B5B926D294655F600C29585 /* EventService.swift */ = {isa = PBXFileReference; lastKnownFileType = sourcecode.swift; path = EventService.swift; sourceTree = "<group>"; };
		7B5B92702946796A00C29585 /* EventsView.swift */ = {isa = PBXFileReference; lastKnownFileType = sourcecode.swift; path = EventsView.swift; sourceTree = "<group>"; };
		7B5B92722946797D00C29585 /* AddEventView.swift */ = {isa = PBXFileReference; lastKnownFileType = sourcecode.swift; path = AddEventView.swift; sourceTree = "<group>"; };
		7B5B92762946B96800C29585 /* EventsViewModel.swift */ = {isa = PBXFileReference; lastKnownFileType = sourcecode.swift; path = EventsViewModel.swift; sourceTree = "<group>"; };
		7B5B92782946BF2A00C29585 /* AddEventViewModel.swift */ = {isa = PBXFileReference; lastKnownFileType = sourcecode.swift; path = AddEventViewModel.swift; sourceTree = "<group>"; };
		7B8103F4292737EF00FD0734 /* ListGL.swift */ = {isa = PBXFileReference; lastKnownFileType = sourcecode.swift; path = ListGL.swift; sourceTree = "<group>"; };
		7B99364A28820F2D00F54C0F /* Person.swift */ = {isa = PBXFileReference; lastKnownFileType = sourcecode.swift; path = Person.swift; sourceTree = "<group>"; };
		7B9EB85E292DDE4F005E39DB /* Info.plist */ = {isa = PBXFileReference; lastKnownFileType = text.plist.xml; name = Info.plist; path = ../../../.Trash/Info.plist; sourceTree = "<group>"; };
		7BB287BE2920A9BF0089E729 /* GoogleService-Info.plist */ = {isa = PBXFileReference; fileEncoding = 4; lastKnownFileType = text.plist.xml; name = "GoogleService-Info.plist"; path = "../../../Downloads/GoogleService-Info.plist"; sourceTree = "<group>"; };
		7BCB4F3D2931E93900B717F8 /* SettingsViewModel.swift */ = {isa = PBXFileReference; lastKnownFileType = sourcecode.swift; path = SettingsViewModel.swift; sourceTree = "<group>"; };
		7BCB4F40293330AF00B717F8 /* ScannerViewModel.swift */ = {isa = PBXFileReference; lastKnownFileType = sourcecode.swift; path = ScannerViewModel.swift; sourceTree = "<group>"; };
		7BF1D92B29215B0100185211 /* LogInView.swift */ = {isa = PBXFileReference; lastKnownFileType = sourcecode.swift; path = LogInView.swift; sourceTree = "<group>"; };
		7BF1D92D29215B1F00185211 /* SignUpView.swift */ = {isa = PBXFileReference; lastKnownFileType = sourcecode.swift; path = SignUpView.swift; sourceTree = "<group>"; };
		7BF1D9322921739100185211 /* CustomTextField.swift */ = {isa = PBXFileReference; lastKnownFileType = sourcecode.swift; path = CustomTextField.swift; sourceTree = "<group>"; };
		7BF1D934292186A500185211 /* AuthViewModel.swift */ = {isa = PBXFileReference; lastKnownFileType = sourcecode.swift; path = AuthViewModel.swift; sourceTree = "<group>"; };
		7BF1D9382921A26200185211 /* SettingsView.swift */ = {isa = PBXFileReference; lastKnownFileType = sourcecode.swift; path = SettingsView.swift; sourceTree = "<group>"; };
		7BF1D93B2921BC3A00185211 /* UserService.swift */ = {isa = PBXFileReference; lastKnownFileType = sourcecode.swift; path = UserService.swift; sourceTree = "<group>"; };
		7BF1D93D2921D72000185211 /* User.swift */ = {isa = PBXFileReference; lastKnownFileType = sourcecode.swift; path = User.swift; sourceTree = "<group>"; };
		7BF1D9402921EAA900185211 /* ListService.swift */ = {isa = PBXFileReference; lastKnownFileType = sourcecode.swift; path = ListService.swift; sourceTree = "<group>"; };
/* End PBXFileReference section */

/* Begin PBXFrameworksBuildPhase section */
		7B39AB03282C77B2005FCA5C /* Frameworks */ = {
			isa = PBXFrameworksBuildPhase;
			buildActionMask = 2147483647;
			files = (
				7BB287C22920ACC20089E729 /* FirebaseAuth in Frameworks */,
				7BB287C42920ACC20089E729 /* FirebaseFirestore in Frameworks */,
				7BB287C62920ACC20089E729 /* FirebaseFirestoreSwift in Frameworks */,
			);
			runOnlyForDeploymentPostprocessing = 0;
		};
		7B39AB13282C77B7005FCA5C /* Frameworks */ = {
			isa = PBXFrameworksBuildPhase;
			buildActionMask = 2147483647;
			files = (
			);
			runOnlyForDeploymentPostprocessing = 0;
		};
		7B39AB1D282C77B7005FCA5C /* Frameworks */ = {
			isa = PBXFrameworksBuildPhase;
			buildActionMask = 2147483647;
			files = (
			);
			runOnlyForDeploymentPostprocessing = 0;
		};
/* End PBXFrameworksBuildPhase section */

/* Begin PBXGroup section */
		48C0AC63286A90BE00A5D068 /* Manual Check */ = {
			isa = PBXGroup;
			children = (
				7B10FF4D28A3055F007B6F15 /* ManualCheckViewModel.swift */,
				7B10FF5528A5C1B1007B6F15 /* ManualCheckView.swift */,
			);
			path = "Manual Check";
			sourceTree = "<group>";
		};
		48C0AC64286A90E300A5D068 /* Scanner */ = {
			isa = PBXGroup;
			children = (
				7BCB4F3F2933309700B717F8 /* ViewModels */,
				7BF1D927292153EE00185211 /* Views */,
				48C0AC67286A920F00A5D068 /* View Controllers */,
			);
			path = Scanner;
			sourceTree = "<group>";
		};
		48C0AC65286A91D200A5D068 /* Hub */ = {
			isa = PBXGroup;
			children = (
				7BF1D926292153D600185211 /* Views */,
				7BF1D925292153BE00185211 /* ViewModels */,
			);
			path = Hub;
			sourceTree = "<group>";
		};
		48C0AC67286A920F00A5D068 /* View Controllers */ = {
			isa = PBXGroup;
			children = (
				7B39AB43282C7A95005FCA5C /* CameraViewController.swift */,
				7B39AB41282C7A68005FCA5C /* VisionViewController.swift */,
			);
			path = "View Controllers";
			sourceTree = "<group>";
		};
		7B39AAFD282C77B2005FCA5C = {
			isa = PBXGroup;
			children = (
				7B39AB08282C77B2005FCA5C /* GreenLight */,
				7B39AB19282C77B7005FCA5C /* GreenLightTests */,
				7B39AB23282C77B7005FCA5C /* GreenLightUITests */,
				7B39AB07282C77B2005FCA5C /* Products */,
			);
			sourceTree = "<group>";
		};
		7B39AB07282C77B2005FCA5C /* Products */ = {
			isa = PBXGroup;
			children = (
				7B39AB06282C77B2005FCA5C /* GreenLight.app */,
				7B39AB16282C77B7005FCA5C /* GreenLightTests.xctest */,
				7B39AB20282C77B7005FCA5C /* GreenLightUITests.xctest */,
			);
			name = Products;
			sourceTree = "<group>";
		};
		7B39AB08282C77B2005FCA5C /* GreenLight */ = {
			isa = PBXGroup;
			children = (
				7BF1D93A2921B75C00185211 /* Service */,
				7BE6114D288F7C1800AF1F3A /* Models */,
				7BF1D9312921733700185211 /* Components */,
				7B5B926F2946793500C29585 /* Events */,
				48C0AC65286A91D200A5D068 /* Hub */,
				48C0AC64286A90E300A5D068 /* Scanner */,
				7B39AB3D282C7A04005FCA5C /* StringUtils.swift */,
				7BF1D9282921597D00185211 /* Authentification */,
				7BF1D9362921A22500185211 /* Settings */,
				48C0AC63286A90BE00A5D068 /* Manual Check */,
				7B39AB0B282C77B2005FCA5C /* ContentView.swift */,
				7B10FF4F28A30571007B6F15 /* ContentViewModel.swift */,
				7B39AB09282C77B2005FCA5C /* GreenLightApp.swift */,
				48C0AC61286A839800A5D068 /* LookupAPIs.swift */,
				7B39AB0D282C77B7005FCA5C /* Assets.xcassets */,
				7B9EB85E292DDE4F005E39DB /* Info.plist */,
				7BB287BE2920A9BF0089E729 /* GoogleService-Info.plist */,
				7B39AB0F282C77B7005FCA5C /* Preview Content */,
			);
			path = GreenLight;
			sourceTree = "<group>";
		};
		7B39AB0F282C77B7005FCA5C /* Preview Content */ = {
			isa = PBXGroup;
			children = (
				7B39AB10282C77B7005FCA5C /* Preview Assets.xcassets */,
			);
			path = "Preview Content";
			sourceTree = "<group>";
		};
		7B39AB19282C77B7005FCA5C /* GreenLightTests */ = {
			isa = PBXGroup;
			children = (
				7B39AB1A282C77B7005FCA5C /* GreenLightTests.swift */,
			);
			path = GreenLightTests;
			sourceTree = "<group>";
		};
		7B39AB23282C77B7005FCA5C /* GreenLightUITests */ = {
			isa = PBXGroup;
			children = (
				7B39AB24282C77B7005FCA5C /* GreenLightUITests.swift */,
				7B39AB26282C77B7005FCA5C /* GreenLightUITestsLaunchTests.swift */,
			);
			path = GreenLightUITests;
			sourceTree = "<group>";
		};
		7B5B926F2946793500C29585 /* Events */ = {
			isa = PBXGroup;
			children = (
				7B5B92742946798300C29585 /* Views */,
				7B5B92752946798900C29585 /* ViewModels */,
			);
			path = Events;
			sourceTree = "<group>";
		};
		7B5B92742946798300C29585 /* Views */ = {
			isa = PBXGroup;
			children = (
				7B5B92702946796A00C29585 /* EventsView.swift */,
				7B5B92722946797D00C29585 /* AddEventView.swift */,
				7B25E1A729592FC70079F0A4 /* EventView.swift */,
			);
			path = Views;
			sourceTree = "<group>";
		};
		7B5B92752946798900C29585 /* ViewModels */ = {
			isa = PBXGroup;
			children = (
				7B5B92762946B96800C29585 /* EventsViewModel.swift */,
				7B5B92782946BF2A00C29585 /* AddEventViewModel.swift */,
				7B25E1A92959302E0079F0A4 /* EventViewModel.swift */,
			);
			path = ViewModels;
			sourceTree = "<group>";
		};
		7BCB4F3C2931D92000B717F8 /* ViewModels */ = {
			isa = PBXGroup;
			children = (
				7BCB4F3D2931E93900B717F8 /* SettingsViewModel.swift */,
			);
			path = ViewModels;
			sourceTree = "<group>";
		};
		7BCB4F3F2933309700B717F8 /* ViewModels */ = {
			isa = PBXGroup;
			children = (
				7BCB4F40293330AF00B717F8 /* ScannerViewModel.swift */,
			);
			path = ViewModels;
			sourceTree = "<group>";
		};
		7BE6114D288F7C1800AF1F3A /* Models */ = {
			isa = PBXGroup;
			children = (
				7B10FF47289DE84D007B6F15 /* SearchDataModel.swift */,
				7B99364A28820F2D00F54C0F /* Person.swift */,
				48BEE511288E321200D5A08A /* Property.swift */,
				7BF1D93D2921D72000185211 /* User.swift */,
				7B8103F4292737EF00FD0734 /* ListGL.swift */,
				7B5B92692945378D00C29585 /* Event.swift */,
				7B5B926B29455A2400C29585 /* Attendee.swift */,
			);
			path = Models;
			sourceTree = "<group>";
		};
		7BF1D925292153BE00185211 /* ViewModels */ = {
			isa = PBXGroup;
			children = (
				7B10FF4B28A304AD007B6F15 /* HubViewModel.swift */,
				7B10FF5128A305B3007B6F15 /* ListViewModel.swift */,
				7B10FF49289EDE65007B6F15 /* AddSearchViewModel.swift */,
				7B10FF5728A6DB92007B6F15 /* AddListViewModel.swift */,
			);
			path = ViewModels;
			sourceTree = "<group>";
		};
		7BF1D926292153D600185211 /* Views */ = {
			isa = PBXGroup;
			children = (
				7B39AB33282C781F005FCA5C /* HubView.swift */,
				7B39AB35282C7840005FCA5C /* ListView.swift */,
				7B05BDF128769A2B00A5E5CA /* AddSearch.swift */,
				7B31E3A9288B53CB00E52A6A /* AddListView.swift */,
			);
			path = Views;
			sourceTree = "<group>";
		};
		7BF1D927292153EE00185211 /* Views */ = {
			isa = PBXGroup;
			children = (
				7B39AB39282C7955005FCA5C /* ScannerView.swift */,
				48FB954D2886075100D1A180 /* PreviewView.swift */,
				7B39AB3B282C798D005FCA5C /* CameraView.swift */,
			);
			path = Views;
			sourceTree = "<group>";
		};
		7BF1D9282921597D00185211 /* Authentification */ = {
			isa = PBXGroup;
			children = (
				7BF1D92A292159BC00185211 /* ViewModels */,
				7BF1D9292921599500185211 /* Views */,
			);
			path = Authentification;
			sourceTree = "<group>";
		};
		7BF1D9292921599500185211 /* Views */ = {
			isa = PBXGroup;
			children = (
				7BF1D92B29215B0100185211 /* LogInView.swift */,
				7BF1D92D29215B1F00185211 /* SignUpView.swift */,
			);
			path = Views;
			sourceTree = "<group>";
		};
		7BF1D92A292159BC00185211 /* ViewModels */ = {
			isa = PBXGroup;
			children = (
				7BF1D934292186A500185211 /* AuthViewModel.swift */,
			);
			path = ViewModels;
			sourceTree = "<group>";
		};
		7BF1D9312921733700185211 /* Components */ = {
			isa = PBXGroup;
			children = (
				7BF1D9322921739100185211 /* CustomTextField.swift */,
			);
			path = Components;
			sourceTree = "<group>";
		};
		7BF1D9362921A22500185211 /* Settings */ = {
			isa = PBXGroup;
			children = (
				7BCB4F3C2931D92000B717F8 /* ViewModels */,
				7BF1D9372921A24400185211 /* Views */,
			);
			path = Settings;
			sourceTree = "<group>";
		};
		7BF1D9372921A24400185211 /* Views */ = {
			isa = PBXGroup;
			children = (
				7BF1D9382921A26200185211 /* SettingsView.swift */,
			);
			path = Views;
			sourceTree = "<group>";
		};
		7BF1D93A2921B75C00185211 /* Service */ = {
			isa = PBXGroup;
			children = (
				7BF1D93B2921BC3A00185211 /* UserService.swift */,
				7BF1D9402921EAA900185211 /* ListService.swift */,
				7B5B926D294655F600C29585 /* EventService.swift */,
			);
			path = Service;
			sourceTree = "<group>";
		};
/* End PBXGroup section */

/* Begin PBXNativeTarget section */
		7B39AB05282C77B2005FCA5C /* GreenLight */ = {
			isa = PBXNativeTarget;
			buildConfigurationList = 7B39AB2A282C77B7005FCA5C /* Build configuration list for PBXNativeTarget "GreenLight" */;
			buildPhases = (
				7B39AB02282C77B2005FCA5C /* Sources */,
				7B39AB03282C77B2005FCA5C /* Frameworks */,
				7B39AB04282C77B2005FCA5C /* Resources */,
			);
			buildRules = (
			);
			dependencies = (
			);
			name = GreenLight;
			packageProductDependencies = (
				7BB287C12920ACC20089E729 /* FirebaseAuth */,
				7BB287C32920ACC20089E729 /* FirebaseFirestore */,
				7BB287C52920ACC20089E729 /* FirebaseFirestoreSwift */,
			);
			productName = GreenLight;
			productReference = 7B39AB06282C77B2005FCA5C /* GreenLight.app */;
			productType = "com.apple.product-type.application";
		};
		7B39AB15282C77B7005FCA5C /* GreenLightTests */ = {
			isa = PBXNativeTarget;
			buildConfigurationList = 7B39AB2D282C77B7005FCA5C /* Build configuration list for PBXNativeTarget "GreenLightTests" */;
			buildPhases = (
				7B39AB12282C77B7005FCA5C /* Sources */,
				7B39AB13282C77B7005FCA5C /* Frameworks */,
				7B39AB14282C77B7005FCA5C /* Resources */,
			);
			buildRules = (
			);
			dependencies = (
				7B39AB18282C77B7005FCA5C /* PBXTargetDependency */,
			);
			name = GreenLightTests;
			productName = GreenLightTests;
			productReference = 7B39AB16282C77B7005FCA5C /* GreenLightTests.xctest */;
			productType = "com.apple.product-type.bundle.unit-test";
		};
		7B39AB1F282C77B7005FCA5C /* GreenLightUITests */ = {
			isa = PBXNativeTarget;
			buildConfigurationList = 7B39AB30282C77B7005FCA5C /* Build configuration list for PBXNativeTarget "GreenLightUITests" */;
			buildPhases = (
				7B39AB1C282C77B7005FCA5C /* Sources */,
				7B39AB1D282C77B7005FCA5C /* Frameworks */,
				7B39AB1E282C77B7005FCA5C /* Resources */,
			);
			buildRules = (
			);
			dependencies = (
				7B39AB22282C77B7005FCA5C /* PBXTargetDependency */,
			);
			name = GreenLightUITests;
			productName = GreenLightUITests;
			productReference = 7B39AB20282C77B7005FCA5C /* GreenLightUITests.xctest */;
			productType = "com.apple.product-type.bundle.ui-testing";
		};
/* End PBXNativeTarget section */

/* Begin PBXProject section */
		7B39AAFE282C77B2005FCA5C /* Project object */ = {
			isa = PBXProject;
			attributes = {
				BuildIndependentTargetsInParallel = 1;
				LastSwiftUpdateCheck = 1320;
				LastUpgradeCheck = 1320;
				TargetAttributes = {
					7B39AB05282C77B2005FCA5C = {
						CreatedOnToolsVersion = 13.2.1;
					};
					7B39AB15282C77B7005FCA5C = {
						CreatedOnToolsVersion = 13.2.1;
						TestTargetID = 7B39AB05282C77B2005FCA5C;
					};
					7B39AB1F282C77B7005FCA5C = {
						CreatedOnToolsVersion = 13.2.1;
						TestTargetID = 7B39AB05282C77B2005FCA5C;
					};
				};
			};
			buildConfigurationList = 7B39AB01282C77B2005FCA5C /* Build configuration list for PBXProject "GreenLight" */;
			compatibilityVersion = "Xcode 13.0";
			developmentRegion = en;
			hasScannedForEncodings = 0;
			knownRegions = (
				en,
				Base,
			);
			mainGroup = 7B39AAFD282C77B2005FCA5C;
			packageReferences = (
				7B77E2AD282CBB51009A6955 /* XCRemoteSwiftPackageReference "swift-collections" */,
				7BB287C02920ACC20089E729 /* XCRemoteSwiftPackageReference "firebase-ios-sdk" */,
			);
			productRefGroup = 7B39AB07282C77B2005FCA5C /* Products */;
			projectDirPath = "";
			projectRoot = "";
			targets = (
				7B39AB05282C77B2005FCA5C /* GreenLight */,
				7B39AB15282C77B7005FCA5C /* GreenLightTests */,
				7B39AB1F282C77B7005FCA5C /* GreenLightUITests */,
			);
		};
/* End PBXProject section */

/* Begin PBXResourcesBuildPhase section */
		7B39AB04282C77B2005FCA5C /* Resources */ = {
			isa = PBXResourcesBuildPhase;
			buildActionMask = 2147483647;
			files = (
				7B39AB11282C77B7005FCA5C /* Preview Assets.xcassets in Resources */,
				7B39AB0E282C77B7005FCA5C /* Assets.xcassets in Resources */,
				7BB287BF2920A9BF0089E729 /* GoogleService-Info.plist in Resources */,
			);
			runOnlyForDeploymentPostprocessing = 0;
		};
		7B39AB14282C77B7005FCA5C /* Resources */ = {
			isa = PBXResourcesBuildPhase;
			buildActionMask = 2147483647;
			files = (
			);
			runOnlyForDeploymentPostprocessing = 0;
		};
		7B39AB1E282C77B7005FCA5C /* Resources */ = {
			isa = PBXResourcesBuildPhase;
			buildActionMask = 2147483647;
			files = (
			);
			runOnlyForDeploymentPostprocessing = 0;
		};
/* End PBXResourcesBuildPhase section */

/* Begin PBXSourcesBuildPhase section */
		7B39AB02282C77B2005FCA5C /* Sources */ = {
			isa = PBXSourcesBuildPhase;
			buildActionMask = 2147483647;
			files = (
				7B10FF4A289EDE65007B6F15 /* AddSearchViewModel.swift in Sources */,
				7B10FF4E28A3055F007B6F15 /* ManualCheckViewModel.swift in Sources */,
				7B39AB44282C7A95005FCA5C /* CameraViewController.swift in Sources */,
				7B10FF4C28A304AD007B6F15 /* HubViewModel.swift in Sources */,
				7BF1D9332921739100185211 /* CustomTextField.swift in Sources */,
				48C0AC62286A839800A5D068 /* LookupAPIs.swift in Sources */,
				7B39AB3C282C798D005FCA5C /* CameraView.swift in Sources */,
				7B5B926E294655F700C29585 /* EventService.swift in Sources */,
				7B10FF5028A30571007B6F15 /* ContentViewModel.swift in Sources */,
				7B05BDF228769A2C00A5E5CA /* AddSearch.swift in Sources */,
				7B39AB36282C7840005FCA5C /* ListView.swift in Sources */,
				7B10FF5828A6DB93007B6F15 /* AddListViewModel.swift in Sources */,
				7BF1D9412921EAA900185211 /* ListService.swift in Sources */,
				7B39AB0C282C77B2005FCA5C /* ContentView.swift in Sources */,
				7BF1D92C29215B0100185211 /* LogInView.swift in Sources */,
				7B25E1A829592FC70079F0A4 /* EventView.swift in Sources */,
				7B31E3AA288B53CB00E52A6A /* AddListView.swift in Sources */,
				7B5B926C29455A2400C29585 /* Attendee.swift in Sources */,
				48BEE512288E321200D5A08A /* Property.swift in Sources */,
				7B10FF5228A305B3007B6F15 /* ListViewModel.swift in Sources */,
				7BF1D92E29215B1F00185211 /* SignUpView.swift in Sources */,
				7B39AB3E282C7A04005FCA5C /* StringUtils.swift in Sources */,
				7B5B926A2945378D00C29585 /* Event.swift in Sources */,
				7BF1D935292186A500185211 /* AuthViewModel.swift in Sources */,
				7B5B92712946796A00C29585 /* EventsView.swift in Sources */,
				7B39AB3A282C7955005FCA5C /* ScannerView.swift in Sources */,
				7B5B92772946B96800C29585 /* EventsViewModel.swift in Sources */,
				7B8103F5292737EF00FD0734 /* ListGL.swift in Sources */,
				48FB954E2886075100D1A180 /* PreviewView.swift in Sources */,
				7B39AB0A282C77B2005FCA5C /* GreenLightApp.swift in Sources */,
				7B10FF5628A5C1B1007B6F15 /* ManualCheckView.swift in Sources */,
				7B39AB42282C7A68005FCA5C /* VisionViewController.swift in Sources */,
				7B99364B28820F2D00F54C0F /* Person.swift in Sources */,
				7B25E1AA2959302E0079F0A4 /* EventViewModel.swift in Sources */,
				7B5B92792946BF2A00C29585 /* AddEventViewModel.swift in Sources */,
				7B5B92732946797D00C29585 /* AddEventView.swift in Sources */,
				7B39AB34282C781F005FCA5C /* HubView.swift in Sources */,
				7BF1D93C2921BC3B00185211 /* UserService.swift in Sources */,
				7BF1D9392921A26200185211 /* SettingsView.swift in Sources */,
				7BCB4F41293330AF00B717F8 /* ScannerViewModel.swift in Sources */,
				7B10FF48289DE84E007B6F15 /* SearchDataModel.swift in Sources */,
				7BF1D93E2921D72000185211 /* User.swift in Sources */,
				7BCB4F3E2931E93900B717F8 /* SettingsViewModel.swift in Sources */,
			);
			runOnlyForDeploymentPostprocessing = 0;
		};
		7B39AB12282C77B7005FCA5C /* Sources */ = {
			isa = PBXSourcesBuildPhase;
			buildActionMask = 2147483647;
			files = (
				7B39AB1B282C77B7005FCA5C /* GreenLightTests.swift in Sources */,
			);
			runOnlyForDeploymentPostprocessing = 0;
		};
		7B39AB1C282C77B7005FCA5C /* Sources */ = {
			isa = PBXSourcesBuildPhase;
			buildActionMask = 2147483647;
			files = (
				7B39AB25282C77B7005FCA5C /* GreenLightUITests.swift in Sources */,
				7B39AB27282C77B7005FCA5C /* GreenLightUITestsLaunchTests.swift in Sources */,
			);
			runOnlyForDeploymentPostprocessing = 0;
		};
/* End PBXSourcesBuildPhase section */

/* Begin PBXTargetDependency section */
		7B39AB18282C77B7005FCA5C /* PBXTargetDependency */ = {
			isa = PBXTargetDependency;
			target = 7B39AB05282C77B2005FCA5C /* GreenLight */;
			targetProxy = 7B39AB17282C77B7005FCA5C /* PBXContainerItemProxy */;
		};
		7B39AB22282C77B7005FCA5C /* PBXTargetDependency */ = {
			isa = PBXTargetDependency;
			target = 7B39AB05282C77B2005FCA5C /* GreenLight */;
			targetProxy = 7B39AB21282C77B7005FCA5C /* PBXContainerItemProxy */;
		};
/* End PBXTargetDependency section */

/* Begin XCBuildConfiguration section */
		7B39AB28282C77B7005FCA5C /* Debug */ = {
			isa = XCBuildConfiguration;
			buildSettings = {
				ALWAYS_SEARCH_USER_PATHS = NO;
				CLANG_ANALYZER_NONNULL = YES;
				CLANG_ANALYZER_NUMBER_OBJECT_CONVERSION = YES_AGGRESSIVE;
				CLANG_CXX_LANGUAGE_STANDARD = "gnu++17";
				CLANG_CXX_LIBRARY = "libc++";
				CLANG_ENABLE_MODULES = YES;
				CLANG_ENABLE_OBJC_ARC = YES;
				CLANG_ENABLE_OBJC_WEAK = YES;
				CLANG_WARN_BLOCK_CAPTURE_AUTORELEASING = YES;
				CLANG_WARN_BOOL_CONVERSION = YES;
				CLANG_WARN_COMMA = YES;
				CLANG_WARN_CONSTANT_CONVERSION = YES;
				CLANG_WARN_DEPRECATED_OBJC_IMPLEMENTATIONS = YES;
				CLANG_WARN_DIRECT_OBJC_ISA_USAGE = YES_ERROR;
				CLANG_WARN_DOCUMENTATION_COMMENTS = YES;
				CLANG_WARN_EMPTY_BODY = YES;
				CLANG_WARN_ENUM_CONVERSION = YES;
				CLANG_WARN_INFINITE_RECURSION = YES;
				CLANG_WARN_INT_CONVERSION = YES;
				CLANG_WARN_NON_LITERAL_NULL_CONVERSION = YES;
				CLANG_WARN_OBJC_IMPLICIT_RETAIN_SELF = YES;
				CLANG_WARN_OBJC_LITERAL_CONVERSION = YES;
				CLANG_WARN_OBJC_ROOT_CLASS = YES_ERROR;
				CLANG_WARN_QUOTED_INCLUDE_IN_FRAMEWORK_HEADER = YES;
				CLANG_WARN_RANGE_LOOP_ANALYSIS = YES;
				CLANG_WARN_STRICT_PROTOTYPES = YES;
				CLANG_WARN_SUSPICIOUS_MOVE = YES;
				CLANG_WARN_UNGUARDED_AVAILABILITY = YES_AGGRESSIVE;
				CLANG_WARN_UNREACHABLE_CODE = YES;
				CLANG_WARN__DUPLICATE_METHOD_MATCH = YES;
				COPY_PHASE_STRIP = NO;
				DEBUG_INFORMATION_FORMAT = dwarf;
				ENABLE_STRICT_OBJC_MSGSEND = YES;
				ENABLE_TESTABILITY = YES;
				GCC_C_LANGUAGE_STANDARD = gnu11;
				GCC_DYNAMIC_NO_PIC = NO;
				GCC_NO_COMMON_BLOCKS = YES;
				GCC_OPTIMIZATION_LEVEL = 0;
				GCC_PREPROCESSOR_DEFINITIONS = (
					"DEBUG=1",
					"$(inherited)",
				);
				GCC_WARN_64_TO_32_BIT_CONVERSION = YES;
				GCC_WARN_ABOUT_RETURN_TYPE = YES_ERROR;
				GCC_WARN_UNDECLARED_SELECTOR = YES;
				GCC_WARN_UNINITIALIZED_AUTOS = YES_AGGRESSIVE;
				GCC_WARN_UNUSED_FUNCTION = YES;
				GCC_WARN_UNUSED_VARIABLE = YES;
				IPHONEOS_DEPLOYMENT_TARGET = 15.0;
				MTL_ENABLE_DEBUG_INFO = INCLUDE_SOURCE;
				MTL_FAST_MATH = YES;
				ONLY_ACTIVE_ARCH = YES;
				SDKROOT = iphoneos;
				SWIFT_ACTIVE_COMPILATION_CONDITIONS = DEBUG;
				SWIFT_OPTIMIZATION_LEVEL = "-Onone";
			};
			name = Debug;
		};
		7B39AB29282C77B7005FCA5C /* Release */ = {
			isa = XCBuildConfiguration;
			buildSettings = {
				ALWAYS_SEARCH_USER_PATHS = NO;
				CLANG_ANALYZER_NONNULL = YES;
				CLANG_ANALYZER_NUMBER_OBJECT_CONVERSION = YES_AGGRESSIVE;
				CLANG_CXX_LANGUAGE_STANDARD = "gnu++17";
				CLANG_CXX_LIBRARY = "libc++";
				CLANG_ENABLE_MODULES = YES;
				CLANG_ENABLE_OBJC_ARC = YES;
				CLANG_ENABLE_OBJC_WEAK = YES;
				CLANG_WARN_BLOCK_CAPTURE_AUTORELEASING = YES;
				CLANG_WARN_BOOL_CONVERSION = YES;
				CLANG_WARN_COMMA = YES;
				CLANG_WARN_CONSTANT_CONVERSION = YES;
				CLANG_WARN_DEPRECATED_OBJC_IMPLEMENTATIONS = YES;
				CLANG_WARN_DIRECT_OBJC_ISA_USAGE = YES_ERROR;
				CLANG_WARN_DOCUMENTATION_COMMENTS = YES;
				CLANG_WARN_EMPTY_BODY = YES;
				CLANG_WARN_ENUM_CONVERSION = YES;
				CLANG_WARN_INFINITE_RECURSION = YES;
				CLANG_WARN_INT_CONVERSION = YES;
				CLANG_WARN_NON_LITERAL_NULL_CONVERSION = YES;
				CLANG_WARN_OBJC_IMPLICIT_RETAIN_SELF = YES;
				CLANG_WARN_OBJC_LITERAL_CONVERSION = YES;
				CLANG_WARN_OBJC_ROOT_CLASS = YES_ERROR;
				CLANG_WARN_QUOTED_INCLUDE_IN_FRAMEWORK_HEADER = YES;
				CLANG_WARN_RANGE_LOOP_ANALYSIS = YES;
				CLANG_WARN_STRICT_PROTOTYPES = YES;
				CLANG_WARN_SUSPICIOUS_MOVE = YES;
				CLANG_WARN_UNGUARDED_AVAILABILITY = YES_AGGRESSIVE;
				CLANG_WARN_UNREACHABLE_CODE = YES;
				CLANG_WARN__DUPLICATE_METHOD_MATCH = YES;
				COPY_PHASE_STRIP = NO;
				DEBUG_INFORMATION_FORMAT = "dwarf-with-dsym";
				ENABLE_NS_ASSERTIONS = NO;
				ENABLE_STRICT_OBJC_MSGSEND = YES;
				GCC_C_LANGUAGE_STANDARD = gnu11;
				GCC_NO_COMMON_BLOCKS = YES;
				GCC_WARN_64_TO_32_BIT_CONVERSION = YES;
				GCC_WARN_ABOUT_RETURN_TYPE = YES_ERROR;
				GCC_WARN_UNDECLARED_SELECTOR = YES;
				GCC_WARN_UNINITIALIZED_AUTOS = YES_AGGRESSIVE;
				GCC_WARN_UNUSED_FUNCTION = YES;
				GCC_WARN_UNUSED_VARIABLE = YES;
				IPHONEOS_DEPLOYMENT_TARGET = 15.0;
				MTL_ENABLE_DEBUG_INFO = NO;
				MTL_FAST_MATH = YES;
				SDKROOT = iphoneos;
				SWIFT_COMPILATION_MODE = wholemodule;
				SWIFT_OPTIMIZATION_LEVEL = "-O";
				VALIDATE_PRODUCT = YES;
			};
			name = Release;
		};
		7B39AB2B282C77B7005FCA5C /* Debug */ = {
			isa = XCBuildConfiguration;
			buildSettings = {
				ASSETCATALOG_COMPILER_APPICON_NAME = AppIcon;
				ASSETCATALOG_COMPILER_GLOBAL_ACCENT_COLOR_NAME = AccentColor;
				CODE_SIGN_STYLE = Automatic;
				CURRENT_PROJECT_VERSION = 1;
				DEVELOPMENT_ASSET_PATHS = "\"GreenLight/Preview Content\"";
				DEVELOPMENT_TEAM = L5635LT8AQ;
				ENABLE_PREVIEWS = YES;
				GENERATE_INFOPLIST_FILE = YES;
				INFOPLIST_FILE = GreenLight/Info.plist;
				INFOPLIST_KEY_NSCameraUsageDescription = "";
				INFOPLIST_KEY_UIApplicationSceneManifest_Generation = YES;
				INFOPLIST_KEY_UIApplicationSupportsIndirectInputEvents = YES;
				INFOPLIST_KEY_UISupportedInterfaceOrientations_iPad = "UIInterfaceOrientationPortrait UIInterfaceOrientationPortraitUpsideDown UIInterfaceOrientationLandscapeLeft UIInterfaceOrientationLandscapeRight";
				INFOPLIST_KEY_UISupportedInterfaceOrientations_iPhone = "UIInterfaceOrientationPortrait UIInterfaceOrientationLandscapeLeft UIInterfaceOrientationLandscapeRight";
				IPHONEOS_DEPLOYMENT_TARGET = 15.0;
				LD_RUNPATH_SEARCH_PATHS = (
					"$(inherited)",
					"@executable_path/Frameworks",
				);
				MARKETING_VERSION = 1.0;
				PRODUCT_BUNDLE_IDENTIFIER = GreenLight.dartmouth;
				PRODUCT_NAME = "$(TARGET_NAME)";
				SWIFT_EMIT_LOC_STRINGS = YES;
				SWIFT_VERSION = 5.0;
				TARGETED_DEVICE_FAMILY = "1,2";
			};
			name = Debug;
		};
		7B39AB2C282C77B7005FCA5C /* Release */ = {
			isa = XCBuildConfiguration;
			buildSettings = {
				ASSETCATALOG_COMPILER_APPICON_NAME = AppIcon;
				ASSETCATALOG_COMPILER_GLOBAL_ACCENT_COLOR_NAME = AccentColor;
				CODE_SIGN_STYLE = Automatic;
				CURRENT_PROJECT_VERSION = 1;
				DEVELOPMENT_ASSET_PATHS = "\"GreenLight/Preview Content\"";
				DEVELOPMENT_TEAM = L5635LT8AQ;
				ENABLE_PREVIEWS = YES;
				GENERATE_INFOPLIST_FILE = YES;
				INFOPLIST_FILE = GreenLight/Info.plist;
				INFOPLIST_KEY_NSCameraUsageDescription = "";
				INFOPLIST_KEY_UIApplicationSceneManifest_Generation = YES;
				INFOPLIST_KEY_UIApplicationSupportsIndirectInputEvents = YES;
				INFOPLIST_KEY_UISupportedInterfaceOrientations_iPad = "UIInterfaceOrientationPortrait UIInterfaceOrientationPortraitUpsideDown UIInterfaceOrientationLandscapeLeft UIInterfaceOrientationLandscapeRight";
				INFOPLIST_KEY_UISupportedInterfaceOrientations_iPhone = "UIInterfaceOrientationPortrait UIInterfaceOrientationLandscapeLeft UIInterfaceOrientationLandscapeRight";
				IPHONEOS_DEPLOYMENT_TARGET = 15.0;
				LD_RUNPATH_SEARCH_PATHS = (
					"$(inherited)",
					"@executable_path/Frameworks",
				);
				MARKETING_VERSION = 1.0;
				PRODUCT_BUNDLE_IDENTIFIER = GreenLight.dartmouth;
				PRODUCT_NAME = "$(TARGET_NAME)";
				SWIFT_EMIT_LOC_STRINGS = YES;
				SWIFT_VERSION = 5.0;
				TARGETED_DEVICE_FAMILY = "1,2";
			};
			name = Release;
		};
		7B39AB2E282C77B7005FCA5C /* Debug */ = {
			isa = XCBuildConfiguration;
			buildSettings = {
				ALWAYS_EMBED_SWIFT_STANDARD_LIBRARIES = YES;
				BUNDLE_LOADER = "$(TEST_HOST)";
				CODE_SIGN_STYLE = Automatic;
				CURRENT_PROJECT_VERSION = 1;
				DEVELOPMENT_TEAM = KTHR7764Q8;
				GENERATE_INFOPLIST_FILE = YES;
				IPHONEOS_DEPLOYMENT_TARGET = 15.2;
				MARKETING_VERSION = 1.0;
				PRODUCT_BUNDLE_IDENTIFIER = ProjectGreenLight.GreenLightTests;
				PRODUCT_NAME = "$(TARGET_NAME)";
				SWIFT_EMIT_LOC_STRINGS = NO;
				SWIFT_VERSION = 5.0;
				TARGETED_DEVICE_FAMILY = "1,2";
				TEST_HOST = "$(BUILT_PRODUCTS_DIR)/GreenLight.app/GreenLight";
			};
			name = Debug;
		};
		7B39AB2F282C77B7005FCA5C /* Release */ = {
			isa = XCBuildConfiguration;
			buildSettings = {
				ALWAYS_EMBED_SWIFT_STANDARD_LIBRARIES = YES;
				BUNDLE_LOADER = "$(TEST_HOST)";
				CODE_SIGN_STYLE = Automatic;
				CURRENT_PROJECT_VERSION = 1;
				DEVELOPMENT_TEAM = KTHR7764Q8;
				GENERATE_INFOPLIST_FILE = YES;
				IPHONEOS_DEPLOYMENT_TARGET = 15.2;
				MARKETING_VERSION = 1.0;
				PRODUCT_BUNDLE_IDENTIFIER = ProjectGreenLight.GreenLightTests;
				PRODUCT_NAME = "$(TARGET_NAME)";
				SWIFT_EMIT_LOC_STRINGS = NO;
				SWIFT_VERSION = 5.0;
				TARGETED_DEVICE_FAMILY = "1,2";
				TEST_HOST = "$(BUILT_PRODUCTS_DIR)/GreenLight.app/GreenLight";
			};
			name = Release;
		};
		7B39AB31282C77B7005FCA5C /* Debug */ = {
			isa = XCBuildConfiguration;
			buildSettings = {
				ALWAYS_EMBED_SWIFT_STANDARD_LIBRARIES = YES;
				CODE_SIGN_STYLE = Automatic;
				CURRENT_PROJECT_VERSION = 1;
				DEVELOPMENT_TEAM = L5635LT8AQ;
				GENERATE_INFOPLIST_FILE = YES;
				MARKETING_VERSION = 1.0;
				PRODUCT_BUNDLE_IDENTIFIER = ProjectGreenLight.GreenLightUITests;
				PRODUCT_NAME = "$(TARGET_NAME)";
				SWIFT_EMIT_LOC_STRINGS = NO;
				SWIFT_VERSION = 5.0;
				TARGETED_DEVICE_FAMILY = "1,2";
				TEST_TARGET_NAME = GreenLight;
			};
			name = Debug;
		};
		7B39AB32282C77B7005FCA5C /* Release */ = {
			isa = XCBuildConfiguration;
			buildSettings = {
				ALWAYS_EMBED_SWIFT_STANDARD_LIBRARIES = YES;
				CODE_SIGN_STYLE = Automatic;
				CURRENT_PROJECT_VERSION = 1;
				DEVELOPMENT_TEAM = L5635LT8AQ;
				GENERATE_INFOPLIST_FILE = YES;
				MARKETING_VERSION = 1.0;
				PRODUCT_BUNDLE_IDENTIFIER = ProjectGreenLight.GreenLightUITests;
				PRODUCT_NAME = "$(TARGET_NAME)";
				SWIFT_EMIT_LOC_STRINGS = NO;
				SWIFT_VERSION = 5.0;
				TARGETED_DEVICE_FAMILY = "1,2";
				TEST_TARGET_NAME = GreenLight;
			};
			name = Release;
		};
/* End XCBuildConfiguration section */

/* Begin XCConfigurationList section */
		7B39AB01282C77B2005FCA5C /* Build configuration list for PBXProject "GreenLight" */ = {
			isa = XCConfigurationList;
			buildConfigurations = (
				7B39AB28282C77B7005FCA5C /* Debug */,
				7B39AB29282C77B7005FCA5C /* Release */,
			);
			defaultConfigurationIsVisible = 0;
			defaultConfigurationName = Release;
		};
		7B39AB2A282C77B7005FCA5C /* Build configuration list for PBXNativeTarget "GreenLight" */ = {
			isa = XCConfigurationList;
			buildConfigurations = (
				7B39AB2B282C77B7005FCA5C /* Debug */,
				7B39AB2C282C77B7005FCA5C /* Release */,
			);
			defaultConfigurationIsVisible = 0;
			defaultConfigurationName = Release;
		};
		7B39AB2D282C77B7005FCA5C /* Build configuration list for PBXNativeTarget "GreenLightTests" */ = {
			isa = XCConfigurationList;
			buildConfigurations = (
				7B39AB2E282C77B7005FCA5C /* Debug */,
				7B39AB2F282C77B7005FCA5C /* Release */,
			);
			defaultConfigurationIsVisible = 0;
			defaultConfigurationName = Release;
		};
		7B39AB30282C77B7005FCA5C /* Build configuration list for PBXNativeTarget "GreenLightUITests" */ = {
			isa = XCConfigurationList;
			buildConfigurations = (
				7B39AB31282C77B7005FCA5C /* Debug */,
				7B39AB32282C77B7005FCA5C /* Release */,
			);
			defaultConfigurationIsVisible = 0;
			defaultConfigurationName = Release;
		};
/* End XCConfigurationList section */

/* Begin XCRemoteSwiftPackageReference section */
		7B77E2AD282CBB51009A6955 /* XCRemoteSwiftPackageReference "swift-collections" */ = {
			isa = XCRemoteSwiftPackageReference;
			repositoryURL = "https://github.com/apple/swift-collections.git";
			requirement = {
				kind = upToNextMajorVersion;
				minimumVersion = 1.0.0;
			};
		};
		7BB287C02920ACC20089E729 /* XCRemoteSwiftPackageReference "firebase-ios-sdk" */ = {
			isa = XCRemoteSwiftPackageReference;
			repositoryURL = "https://github.com/firebase/firebase-ios-sdk";
			requirement = {
				kind = upToNextMajorVersion;
				minimumVersion = 9.0.0;
			};
		};
/* End XCRemoteSwiftPackageReference section */

/* Begin XCSwiftPackageProductDependency section */
		7BB287C12920ACC20089E729 /* FirebaseAuth */ = {
			isa = XCSwiftPackageProductDependency;
			package = 7BB287C02920ACC20089E729 /* XCRemoteSwiftPackageReference "firebase-ios-sdk" */;
			productName = FirebaseAuth;
		};
		7BB287C32920ACC20089E729 /* FirebaseFirestore */ = {
			isa = XCSwiftPackageProductDependency;
			package = 7BB287C02920ACC20089E729 /* XCRemoteSwiftPackageReference "firebase-ios-sdk" */;
			productName = FirebaseFirestore;
		};
		7BB287C52920ACC20089E729 /* FirebaseFirestoreSwift */ = {
			isa = XCSwiftPackageProductDependency;
			package = 7BB287C02920ACC20089E729 /* XCRemoteSwiftPackageReference "firebase-ios-sdk" */;
			productName = FirebaseFirestoreSwift;
		};
/* End XCSwiftPackageProductDependency section */
	};
	rootObject = 7B39AAFE282C77B2005FCA5C /* Project object */;
}
